
Microsoft Visual Studio Solution File, Format Version 12.00
Project("{FAE04EC0-301F-11D3-BF4B-00C04F79EFBC}") = "KapuctagramSDK", "KapuctagramSDK\KapuctagramSDK.csproj", "{8FCAAF75-4AFB-4845-8768-E31DC6570E3A}"
EndProject
Global
	GlobalSection(SolutionConfigurationPlatforms) = preSolution
		Debug|Any CPU = Debug|Any CPU
		Release|Any CPU = Release|Any CPU
	EndGlobalSection
	GlobalSection(ProjectConfigurationPlatforms) = postSolution
		{8FCAAF75-4AFB-4845-8768-E31DC6570E3A}.Debug|Any CPU.ActiveCfg = Debug|Any CPU
		{8FCAAF75-4AFB-4845-8768-E31DC6570E3A}.Debug|Any CPU.Build.0 = Debug|Any CPU
		{8FCAAF75-4AFB-4845-8768-E31DC6570E3A}.Release|Any CPU.ActiveCfg = Release|Any CPU
		{8FCAAF75-4AFB-4845-8768-E31DC6570E3A}.Release|Any CPU.Build.0 = Release|Any CPU
	EndGlobalSection
EndGlobal
